schema: '2.0'
stages:
  data_ingestion:
    cmd: python ridewise/data_ingestion.py
    deps:
    - path: ridewise/data_ingestion.py
      hash: md5
      md5: ebce623fd99a27b1ff18c4aaa0ff18b5
      size: 2487
    params:
      params.yaml:
        data_ingestion:
          min_latitude: 40.61
          max_latitude: 40.85
          min_longitude: -74.05
          max_longitude: -73.7
          max_fare_amount: 81
          min_fare_amount: 0.5
          max_trip_distance: 25
          min_trip_distance: 0.35
  data_preprocess:
    cmd: python ridewise/data_preprocessing.py
    deps:
    - path: data/interim/data.csv
      hash: md5
      md5: e2c9db259e011d17952d34647402d2bf
      size: 1890787379
    outs:
    - path: data/processed/data.csv
      hash: md5
      md5: d59d29692e178eaaa4df0b2be45954a4
      size: 6800239
    - path: models/kmeans.joblib
      hash: md5
      md5: bad05ae4a0301f3c56da2e1fa4842ce5
      size: 150243
    - path: models/scaler.joblib
      hash: md5
      md5: d221953beb292d28d90002ef3810134c
      size: 951
  feature_engineering:
    cmd: python ridewise/feature_engineering.py
    deps:
    - path: data/processed/data.csv
      hash: md5
      md5: e68fbe4489291750ff0ca55d357df773
      size: 6805094
    - path: ridewise/feature_engineering.py
      hash: md5
      md5: 96b04d2a52b28abe243714fcadc865be
      size: 4170
    params:
      params.yaml:
        feature_engineering:
          train_data_percentage: 0.6
          test_data_percentage: 0.4
    outs:
    - path: data/processed/test.csv
      hash: md5
      md5: d5c806e6b6c4b8c5277bde6e34b12687
      size: 26992682
    - path: data/processed/train.csv
      hash: md5
      md5: 6e8e08b04678ab7fa2d111430d4516fc
      size: 40378799
  model_training:
    cmd: python ridewise/model_training.py
    deps:
    - path: data/processed/test.csv
      hash: md5
      md5: d5c806e6b6c4b8c5277bde6e34b12687
      size: 26992682
    - path: data/processed/train.csv
      hash: md5
      md5: 6e8e08b04678ab7fa2d111430d4516fc
      size: 40378799
    - path: data/processed/train_stats.csv
      hash: md5
      md5: f87f4bb29355f0db69d113ac184455c5
      size: 417640
    - path: ridewise/model_training.py
      hash: md5
      md5: f11a6ff54425ac3c9351a16991d14c1e
      size: 4181
    params:
      params.yaml:
        model_training:
          xg_boost:
            colsample_bylevel: 0.777513356812934
            colsample_bynode: 0.5276028563384744
            colsample_bytree: 0.831239701417107
            gamma: 0.4568672402027697
            grow_policy: depthwise
            learning_rate: 0.09036709667822714
            max_bin: 128
            max_delta_step: 8.208718790843026
            max_depth: 12
            min_child_weight: 9
            n_estimators: 784
            reg_alpha: 6.82389041737408
            reg_lambda: 8.066313006261286
            scale_pos_weight: 1.9992550377663074
            subsample: 0.7365551401220525
    outs:
    - path: models/encoder.joblib
      hash: md5
      md5: 55bbb88b4cc7e80950f38435a3a0c107
      size: 3748
    - path: models/xgmodel.joblib
      hash: md5
      md5: 587a85fae146514c789dc95530be444b
      size: 459336
  data_preprocessing:
    cmd: python ridewise/data_preprocessing.py
    deps:
    - path: ridewise/data_preprocessing.py
      hash: md5
      md5: 1a0c7134d0418b05f020bbc68b7f660b
      size: 2879
    params:
      params.yaml:
        data_preprocessing:
          chunk_size: 100000
          n_clusters: 30
          epsilon_val: 10
    outs:
    - path: data/processed/data.csv
      hash: md5
      md5: e68fbe4489291750ff0ca55d357df773
      size: 6805094
    - path: models/kmeans.joblib
      hash: md5
      md5: 7c5bda55035943c10eaefb89ae7a6ee1
      size: 26607
    - path: models/scaler.joblib
      hash: md5
      md5: b2b6e1ab9b235e92faee93dc628435fb
      size: 951
