schema: '2.0'
stages:
  data_ingestion:
    cmd: python ridewise/data_ingestion.py
    deps:
    - path: ridewise/data_ingestion.py
      hash: md5
      md5: eefa7d2e53714d5e3e6c2aa98d2373c3
      size: 2448
    params:
      params.yaml:
        data_ingestion:
          min_latitude: 40.6
          max_latitude: 40.85
          min_longitude: -74.05
          max_longitude: -73.7
          max_fare_amount: 81
          min_fare_amount: 0.5
          max_trip_distance: 25
          min_trip_distance: 0.35
  data_preprocess:
    cmd: python ridewise/data_preprocessing.py
    deps:
    - path: data/interim/data.csv
      hash: md5
      md5: e2c9db259e011d17952d34647402d2bf
      size: 1890787379
    outs:
    - path: data/processed/data.csv
      hash: md5
      md5: d59d29692e178eaaa4df0b2be45954a4
      size: 6800239
    - path: models/kmeans.joblib
      hash: md5
      md5: bad05ae4a0301f3c56da2e1fa4842ce5
      size: 150243
    - path: models/scaler.joblib
      hash: md5
      md5: d221953beb292d28d90002ef3810134c
      size: 951
  feature_engineering:
    cmd: python ridewise/feature_engineering.py
    deps:
    - path: data/processed/data.csv
      hash: md5
      md5: fc93fb3b16725222987d891ab3dd8181
      size: 6804024
    - path: ridewise/feature_engineering.py
      hash: md5
      md5: 96b04d2a52b28abe243714fcadc865be
      size: 4170
    params:
      params.yaml:
        feature_engineering:
          train_data_percentage: 0.7
          test_data_percentage: 0.3
    outs:
    - path: data/processed/test.csv
      hash: md5
      md5: 165f9f96935cf34b947a85e2d2607a62
      size: 20001343
    - path: data/processed/train.csv
      hash: md5
      md5: 852c2f943d1f0aaecd76b28bd815e9a9
      size: 46678291
  model_training:
    cmd: python ridewise/model_training.py
    deps:
    - path: data/processed/test.csv
      hash: md5
      md5: 165f9f96935cf34b947a85e2d2607a62
      size: 20001343
    - path: data/processed/train.csv
      hash: md5
      md5: 852c2f943d1f0aaecd76b28bd815e9a9
      size: 46678291
    - path: ridewise/model_training.py
      hash: md5
      md5: e536770fb55d1a96d85f3d2b4c695ac0
      size: 3468
    params:
      params.yaml:
        model_training:
          xg_boost:
            colsample_bylevel: 0.777513356812934
            colsample_bynode: 0.5276028563384744
            colsample_bytree: 0.831239701417107
            gamma: 0.4568672402027697
            grow_policy: depthwise
            learning_rate: 0.09036709667822714
            max_bin: 128
            max_delta_step: 8.208718790843026
            max_depth: 12
            min_child_weight: 9
            n_estimators: 784
            reg_alpha: 6.82389041737408
            reg_lambda: 8.066313006261286
            scale_pos_weight: 1.9992550377663074
            subsample: 0.7365551401220525
    outs:
    - path: models/model.joblib
      hash: md5
      md5: 798ea7d7cbc938f657e9b5685f31db90
      size: 458453
  data_preprocessing:
    cmd: python ridewise/data_preprocessing.py
    deps:
    - path: ridewise/data_preprocessing.py
      hash: md5
      md5: c1a770357a496bdd8448f88f5b1d88e3
      size: 2470
    params:
      params.yaml:
        data_preprocessing:
          chunk_size: 100000
          n_clusters: 30
          epsilon_val: 10
    outs:
    - path: data/processed/data.csv
      hash: md5
      md5: fc93fb3b16725222987d891ab3dd8181
      size: 6804024
    - path: models/kmeans.joblib
      hash: md5
      md5: 5a0bd06b66d2be669aab510a255cf958
      size: 86827
    - path: models/scaler.joblib
      hash: md5
      md5: 7c83d3e4a3397f7696bec9cb95e22e6f
      size: 951
